
Microsoft Visual Studio Solution File, Format Version 12.00
Project("{FAE04EC0-301F-11D3-BF4B-00C04F79EFBC}") = "TaikoGreenTestServer", "TaikoGreenTestServer\TaikoGreenTestServer.csproj", "{55EFC70A-E25F-4362-A314-48EA77F263D5}"
EndProject
Global
	GlobalSection(SolutionConfigurationPlatforms) = preSolution
		Debug|Any CPU = Debug|Any CPU
		Release|Any CPU = Release|Any CPU
	EndGlobalSection
	GlobalSection(ProjectConfigurationPlatforms) = postSolution
		{55EFC70A-E25F-4362-A314-48EA77F263D5}.Debug|Any CPU.ActiveCfg = Debug|Any CPU
		{55EFC70A-E25F-4362-A314-48EA77F263D5}.Debug|Any CPU.Build.0 = Debug|Any CPU
		{55EFC70A-E25F-4362-A314-48EA77F263D5}.Release|Any CPU.ActiveCfg = Release|Any CPU
		{55EFC70A-E25F-4362-A314-48EA77F263D5}.Release|Any CPU.Build.0 = Release|Any CPU
	EndGlobalSection
EndGlobal
